// !$*UTF8*$!
{
	archiveVersion = 1;
	classes = {
	};
	objectVersion = 77;
	objects = {

/* Begin PBXBuildFile section */
		32FDC9CAA6D18250909D3F3E /* WebViewModelTests.swift in Sources */ = {isa = PBXBuildFile; fileRef = F7A582F0D88722AFA34FAE70 /* WebViewModelTests.swift */; };
		456045215AAD174E10D717C1 /* Assets.xcassets in Resources */ = {isa = PBXBuildFile; fileRef = C14FF3E2EC6884A07FE78505 /* Assets.xcassets */; };
		55D66981F1B842D3DB4450B7 /* PrivacyInfo.xcprivacy in Resources */ = {isa = PBXBuildFile; fileRef = BCFC1F1CE0D98670213E9C9D /* PrivacyInfo.xcprivacy */; };
		A5EDB9A05B14DD278CA7C277 /* ContentView.swift in Sources */ = {isa = PBXBuildFile; fileRef = 5228BB264741A4D1D42F53D6 /* ContentView.swift */; };
		A79BAC601EC76F9EA688EFA0 /* Chu1TestKitApp.swift in Sources */ = {isa = PBXBuildFile; fileRef = 826F8F0D77E85425E6FE2C4F /* Chu1TestKitApp.swift */; };
		BA03BED1C1FFA44169CA4543 /* AppConfigTests.swift in Sources */ = {isa = PBXBuildFile; fileRef = 8E8CEBACD4DC56E93EF30B2E /* AppConfigTests.swift */; };
		C49C0C02B498944F09E00785 /* AppWebView.swift in Sources */ = {isa = PBXBuildFile; fileRef = EADACAE85A8135C0C8B90D43 /* AppWebView.swift */; };
		FAC372654FEBF369D1744672 /* AppConfig.swift in Sources */ = {isa = PBXBuildFile; fileRef = 8EB85713E590AC16421EE6ED /* AppConfig.swift */; };
		FEF057688DAF328C8BAC4480 /* WebViewModel.swift in Sources */ = {isa = PBXBuildFile; fileRef = 018AFF2FDC2A5AD1A9E0AC97 /* WebViewModel.swift */; };
/* End PBXBuildFile section */

/* Begin PBXContainerItemProxy section */
		66F7E32168D0DA745ACFA96C /* PBXContainerItemProxy */ = {
			isa = PBXContainerItemProxy;
			containerPortal = FFD880ABF20C7CB6A2D5A641 /* Project object */;
			proxyType = 1;
			remoteGlobalIDString = B4E24C988DC0D7005E36ED0F;
			remoteInfo = Chu1TestKit;
		};
/* End PBXContainerItemProxy section */

/* Begin PBXFileReference section */
		018AFF2FDC2A5AD1A9E0AC97 /* WebViewModel.swift */ = {isa = PBXFileReference; lastKnownFileType = sourcecode.swift; path = WebViewModel.swift; sourceTree = "<group>"; };
		050DCAECBD622416C37CF89F /* Chu1TestKit.entitlements */ = {isa = PBXFileReference; lastKnownFileType = text.plist.entitlements; path = Chu1TestKit.entitlements; sourceTree = "<group>"; };
		11AF649AFE80F586262069AC /* Chu1TestKitTests.xctest */ = {isa = PBXFileReference; includeInIndex = 0; lastKnownFileType = wrapper.cfbundle; path = Chu1TestKitTests.xctest; sourceTree = BUILT_PRODUCTS_DIR; };
		5228BB264741A4D1D42F53D6 /* ContentView.swift */ = {isa = PBXFileReference; lastKnownFileType = sourcecode.swift; path = ContentView.swift; sourceTree = "<group>"; };
		66393DDC01A64BC2979C3E94 /* Info.plist */ = {isa = PBXFileReference; lastKnownFileType = text.plist; path = Info.plist; sourceTree = "<group>"; };
		826F8F0D77E85425E6FE2C4F /* Chu1TestKitApp.swift */ = {isa = PBXFileReference; lastKnownFileType = sourcecode.swift; path = Chu1TestKitApp.swift; sourceTree = "<group>"; };
		8E8CEBACD4DC56E93EF30B2E /* AppConfigTests.swift */ = {isa = PBXFileReference; lastKnownFileType = sourcecode.swift; path = AppConfigTests.swift; sourceTree = "<group>"; };
		8EB85713E590AC16421EE6ED /* AppConfig.swift */ = {isa = PBXFileReference; lastKnownFileType = sourcecode.swift; path = AppConfig.swift; sourceTree = "<group>"; };
		A429F78998EAEFD5635862D1 /* Info.plist */ = {isa = PBXFileReference; lastKnownFileType = text.plist; path = Info.plist; sourceTree = "<group>"; };
		BCFC1F1CE0D98670213E9C9D /* PrivacyInfo.xcprivacy */ = {isa = PBXFileReference; path = PrivacyInfo.xcprivacy; sourceTree = "<group>"; };
		BEBD840F071EDBDC62C06C3E /* Chu1TestKit.app */ = {isa = PBXFileReference; includeInIndex = 0; lastKnownFileType = wrapper.application; path = Chu1TestKit.app; sourceTree = BUILT_PRODUCTS_DIR; };
		C14FF3E2EC6884A07FE78505 /* Assets.xcassets */ = {isa = PBXFileReference; lastKnownFileType = folder.assetcatalog; path = Assets.xcassets; sourceTree = "<group>"; };
		EADACAE85A8135C0C8B90D43 /* AppWebView.swift */ = {isa = PBXFileReference; lastKnownFileType = sourcecode.swift; path = AppWebView.swift; sourceTree = "<group>"; };
		F7A582F0D88722AFA34FAE70 /* WebViewModelTests.swift */ = {isa = PBXFileReference; lastKnownFileType = sourcecode.swift; path = WebViewModelTests.swift; sourceTree = "<group>"; };
/* End PBXFileReference section */

/* Begin PBXGroup section */
		1900A571DAB8DFDA146616EB = {
			isa = PBXGroup;
			children = (
				9FAC99B965923CA638288603 /* Chu1TestKit */,
				EA1EF2C4AE1A941A06C5DCD7 /* Chu1TestKitTests */,
				4BD93B0F6A6C06B0BE841779 /* Products */,
			);
			sourceTree = "<group>";
		};
		4BD93B0F6A6C06B0BE841779 /* Products */ = {
			isa = PBXGroup;
			children = (
				BEBD840F071EDBDC62C06C3E /* Chu1TestKit.app */,
				11AF649AFE80F586262069AC /* Chu1TestKitTests.xctest */,
			);
			name = Products;
			sourceTree = "<group>";
		};
		9FAC99B965923CA638288603 /* Chu1TestKit */ = {
			isa = PBXGroup;
			children = (
				8EB85713E590AC16421EE6ED /* AppConfig.swift */,
				EADACAE85A8135C0C8B90D43 /* AppWebView.swift */,
				C14FF3E2EC6884A07FE78505 /* Assets.xcassets */,
				050DCAECBD622416C37CF89F /* Chu1TestKit.entitlements */,
				826F8F0D77E85425E6FE2C4F /* Chu1TestKitApp.swift */,
				5228BB264741A4D1D42F53D6 /* ContentView.swift */,
				66393DDC01A64BC2979C3E94 /* Info.plist */,
				BCFC1F1CE0D98670213E9C9D /* PrivacyInfo.xcprivacy */,
				018AFF2FDC2A5AD1A9E0AC97 /* WebViewModel.swift */,
			);
			path = Chu1TestKit;
			sourceTree = "<group>";
		};
		EA1EF2C4AE1A941A06C5DCD7 /* Chu1TestKitTests */ = {
			isa = PBXGroup;
			children = (
				8E8CEBACD4DC56E93EF30B2E /* AppConfigTests.swift */,
				A429F78998EAEFD5635862D1 /* Info.plist */,
				F7A582F0D88722AFA34FAE70 /* WebViewModelTests.swift */,
			);
			path = Chu1TestKitTests;
			sourceTree = "<group>";
		};
/* End PBXGroup section */

/* Begin PBXNativeTarget section */
		8C3160853D5F6249698F6B89 /* Chu1TestKitTests */ = {
			isa = PBXNativeTarget;
			buildConfigurationList = 4072A3E0723D1276CDC76C80 /* Build configuration list for PBXNativeTarget "Chu1TestKitTests" */;
			buildPhases = (
				1F7AFEF2187048266B28EA12 /* Sources */,
			);
			buildRules = (
			);
			dependencies = (
				3DC417075094001D983EE72D /* PBXTargetDependency */,
			);
			name = Chu1TestKitTests;
			packageProductDependencies = (
			);
			productName = Chu1TestKitTests;
			productReference = 11AF649AFE80F586262069AC /* Chu1TestKitTests.xctest */;
			productType = "com.apple.product-type.bundle.unit-test";
		};
		B4E24C988DC0D7005E36ED0F /* Chu1TestKit */ = {
			isa = PBXNativeTarget;
			buildConfigurationList = B6096E239B19ED81D2A075FE /* Build configuration list for PBXNativeTarget "Chu1TestKit" */;
			buildPhases = (
				0557137223F0C67C2CD0C9E9 /* Sources */,
				DF85CCE736455529E2050FA3 /* Resources */,
			);
			buildRules = (
			);
			dependencies = (
			);
			name = Chu1TestKit;
			packageProductDependencies = (
			);
			productName = Chu1TestKit;
			productReference = BEBD840F071EDBDC62C06C3E /* Chu1TestKit.app */;
			productType = "com.apple.product-type.application";
		};
/* End PBXNativeTarget section */

/* Begin PBXProject section */
		FFD880ABF20C7CB6A2D5A641 /* Project object */ = {
			isa = PBXProject;
			attributes = {
				BuildIndependentTargetsInParallel = YES;
				LastUpgradeCheck = 1430;
				TargetAttributes = {
				};
			};
			buildConfigurationList = 1BB47BA3E2536F84374CA754 /* Build configuration list for PBXProject "Chu1TestKit" */;
			developmentRegion = en;
			hasScannedForEncodings = 0;
			knownRegions = (
				Base,
				en,
			);
			mainGroup = 1900A571DAB8DFDA146616EB;
			minimizedProjectReferenceProxies = 1;
			preferredProjectObjectVersion = 77;
			productRefGroup = 4BD93B0F6A6C06B0BE841779 /* Products */;
			projectDirPath = "";
			projectRoot = "";
			targets = (
				B4E24C988DC0D7005E36ED0F /* Chu1TestKit */,
				8C3160853D5F6249698F6B89 /* Chu1TestKitTests */,
			);
		};
/* End PBXProject section */

/* Begin PBXResourcesBuildPhase section */
		DF85CCE736455529E2050FA3 /* Resources */ = {
			isa = PBXResourcesBuildPhase;
			buildActionMask = 2147483647;
			files = (
				456045215AAD174E10D717C1 /* Assets.xcassets in Resources */,
				55D66981F1B842D3DB4450B7 /* PrivacyInfo.xcprivacy in Resources */,
			);
			runOnlyForDeploymentPostprocessing = 0;
		};
/* End PBXResourcesBuildPhase section */

/* Begin PBXSourcesBuildPhase section */
		0557137223F0C67C2CD0C9E9 /* Sources */ = {
			isa = PBXSourcesBuildPhase;
			buildActionMask = 2147483647;
			files = (
				FAC372654FEBF369D1744672 /* AppConfig.swift in Sources */,
				C49C0C02B498944F09E00785 /* AppWebView.swift in Sources */,
				A79BAC601EC76F9EA688EFA0 /* Chu1TestKitApp.swift in Sources */,
				A5EDB9A05B14DD278CA7C277 /* ContentView.swift in Sources */,
				FEF057688DAF328C8BAC4480 /* WebViewModel.swift in Sources */,
			);
			runOnlyForDeploymentPostprocessing = 0;
		};
		1F7AFEF2187048266B28EA12 /* Sources */ = {
			isa = PBXSourcesBuildPhase;
			buildActionMask = 2147483647;
			files = (
				BA03BED1C1FFA44169CA4543 /* AppConfigTests.swift in Sources */,
				32FDC9CAA6D18250909D3F3E /* WebViewModelTests.swift in Sources */,
			);
			runOnlyForDeploymentPostprocessing = 0;
		};
/* End PBXSourcesBuildPhase section */

/* Begin PBXTargetDependency section */
		3DC417075094001D983EE72D /* PBXTargetDependency */ = {
			isa = PBXTargetDependency;
			target = B4E24C988DC0D7005E36ED0F /* Chu1TestKit */;
			targetProxy = 66F7E32168D0DA745ACFA96C /* PBXContainerItemProxy */;
		};
/* End PBXTargetDependency section */

/* Begin XCBuildConfiguration section */
		3698B07DF4623739D6834B47 /* Release */ = {
			isa = XCBuildConfiguration;
			buildSettings = {
				BUNDLE_LOADER = "$(TEST_HOST)";
				INFOPLIST_FILE = Chu1TestKitTests/Info.plist;
				LD_RUNPATH_SEARCH_PATHS = (
					"$(inherited)",
					"@executable_path/Frameworks",
					"@loader_path/Frameworks",
				);
				PRODUCT_BUNDLE_IDENTIFIER = jp.taka.chu1testkit.tests;
				SDKROOT = iphoneos;
				TARGETED_DEVICE_FAMILY = "1,2";
				TEST_HOST = "$(BUILT_PRODUCTS_DIR)/Chu1TestKit.app/Chu1TestKit";
			};
			name = Release;
		};
		503580BE5322FA022348BC3E /* Debug */ = {
			isa = XCBuildConfiguration;
			buildSettings = {
				ASSETCATALOG_COMPILER_APPICON_NAME = AppIcon;
				ASSETCATALOG_COMPILER_GLOBAL_ACCENT_COLOR_NAME = AccentColor;
				CODE_SIGN_ENTITLEMENTS = Chu1TestKit/Chu1TestKit.entitlements;
				CODE_SIGN_IDENTITY = "iPhone Developer";
				INFOPLIST_FILE = Chu1TestKit/Info.plist;
				LD_RUNPATH_SEARCH_PATHS = (
					"$(inherited)",
					"@executable_path/Frameworks",
				);
				PRODUCT_BUNDLE_IDENTIFIER = jp.taka.chu1testkit;
				SDKROOT = iphoneos;
				TARGETED_DEVICE_FAMILY = "1,2";
			};
			name = Debug;
		};
		56C372EE4E2D92F7D8F3674B /* Release */ = {
			isa = XCBuildConfiguration;
			buildSettings = {
				ASSETCATALOG_COMPILER_APPICON_NAME = AppIcon;
				ASSETCATALOG_COMPILER_GLOBAL_ACCENT_COLOR_NAME = AccentColor;
				CODE_SIGN_ENTITLEMENTS = Chu1TestKit/Chu1TestKit.entitlements;
				CODE_SIGN_IDENTITY = "iPhone Developer";
				INFOPLIST_FILE = Chu1TestKit/Info.plist;
				LD_RUNPATH_SEARCH_PATHS = (
					"$(inherited)",
					"@executable_path/Frameworks",
				);
				PRODUCT_BUNDLE_IDENTIFIER = jp.taka.chu1testkit;
				SDKROOT = iphoneos;
				TARGETED_DEVICE_FAMILY = "1,2";
			};
			name = Release;
		};
		BC7B039AC2DCC6369F4C3425 /* Release */ = {
			isa = XCBuildConfiguration;
			buildSettings = {
				ALWAYS_SEARCH_USER_PATHS = NO;
				CLANG_ANALYZER_NONNULL = YES;
				CLANG_ANALYZER_NUMBER_OBJECT_CONVERSION = YES_AGGRESSIVE;
				CLANG_CXX_LANGUAGE_STANDARD = "gnu++14";
				CLANG_CXX_LIBRARY = "libc++";
				CLANG_ENABLE_MODULES = YES;
				CLANG_ENABLE_OBJC_ARC = YES;
				CLANG_ENABLE_OBJC_WEAK = YES;
				CLANG_WARN_BLOCK_CAPTURE_AUTORELEASING = YES;
				CLANG_WARN_BOOL_CONVERSION = YES;
				CLANG_WARN_COMMA = YES;
				CLANG_WARN_CONSTANT_CONVERSION = YES;
				CLANG_WARN_DEPRECATED_OBJC_IMPLEMENTATIONS = YES;
				CLANG_WARN_DIRECT_OBJC_ISA_USAGE = YES_ERROR;
				CLANG_WARN_DOCUMENTATION_COMMENTS = YES;
				CLANG_WARN_EMPTY_BODY = YES;
				CLANG_WARN_ENUM_CONVERSION = YES;
				CLANG_WARN_INFINITE_RECURSION = YES;
				CLANG_WARN_INT_CONVERSION = YES;
				CLANG_WARN_NON_LITERAL_NULL_CONVERSION = YES;
				CLANG_WARN_OBJC_IMPLICIT_RETAIN_SELF = YES;
				CLANG_WARN_OBJC_LITERAL_CONVERSION = YES;
				CLANG_WARN_OBJC_ROOT_CLASS = YES_ERROR;
				CLANG_WARN_QUOTED_INCLUDE_IN_FRAMEWORK_HEADER = YES;
				CLANG_WARN_RANGE_LOOP_ANALYSIS = YES;
				CLANG_WARN_STRICT_PROTOTYPES = YES;
				CLANG_WARN_SUSPICIOUS_MOVE = YES;
				CLANG_WARN_UNGUARDED_AVAILABILITY = YES_AGGRESSIVE;
				CLANG_WARN_UNREACHABLE_CODE = YES;
				CLANG_WARN__DUPLICATE_METHOD_MATCH = YES;
				COPY_PHASE_STRIP = NO;
				CURRENT_PROJECT_VERSION = 1;
				DEBUG_INFORMATION_FORMAT = "dwarf-with-dsym";
				ENABLE_NS_ASSERTIONS = NO;
				ENABLE_STRICT_OBJC_MSGSEND = YES;
				GCC_C_LANGUAGE_STANDARD = gnu11;
				GCC_NO_COMMON_BLOCKS = YES;
				GCC_WARN_64_TO_32_BIT_CONVERSION = YES;
				GCC_WARN_ABOUT_RETURN_TYPE = YES_ERROR;
				GCC_WARN_UNDECLARED_SELECTOR = YES;
				GCC_WARN_UNINITIALIZED_AUTOS = YES_AGGRESSIVE;
				GCC_WARN_UNUSED_FUNCTION = YES;
				GCC_WARN_UNUSED_VARIABLE = YES;
				IPHONEOS_DEPLOYMENT_TARGET = 17.0;
				MARKETING_VERSION = 1.0;
				MTL_ENABLE_DEBUG_INFO = NO;
				MTL_FAST_MATH = YES;
				PRODUCT_NAME = "$(TARGET_NAME)";
				SDKROOT = iphoneos;
				SWIFT_COMPILATION_MODE = wholemodule;
				SWIFT_OPTIMIZATION_LEVEL = "-O";
				SWIFT_VERSION = 5.0;
			};
			name = Release;
		};
		C69AEEEE1E911B5DB4DF3B01 /* Debug */ = {
			isa = XCBuildConfiguration;
			buildSettings = {
				BUNDLE_LOADER = "$(TEST_HOST)";
				INFOPLIST_FILE = Chu1TestKitTests/Info.plist;
				LD_RUNPATH_SEARCH_PATHS = (
					"$(inherited)",
					"@executable_path/Frameworks",
					"@loader_path/Frameworks",
				);
				PRODUCT_BUNDLE_IDENTIFIER = jp.taka.chu1testkit.tests;
				SDKROOT = iphoneos;
				TARGETED_DEVICE_FAMILY = "1,2";
				TEST_HOST = "$(BUILT_PRODUCTS_DIR)/Chu1TestKit.app/Chu1TestKit";
			};
			name = Debug;
		};
		E0D8C6A7163805A291232E61 /* Debug */ = {
			isa = XCBuildConfiguration;
			buildSettings = {
				ALWAYS_SEARCH_USER_PATHS = NO;
				CLANG_ANALYZER_NONNULL = YES;
				CLANG_ANALYZER_NUMBER_OBJECT_CONVERSION = YES_AGGRESSIVE;
				CLANG_CXX_LANGUAGE_STANDARD = "gnu++14";
				CLANG_CXX_LIBRARY = "libc++";
				CLANG_ENABLE_MODULES = YES;
				CLANG_ENABLE_OBJC_ARC = YES;
				CLANG_ENABLE_OBJC_WEAK = YES;
				CLANG_WARN_BLOCK_CAPTURE_AUTORELEASING = YES;
				CLANG_WARN_BOOL_CONVERSION = YES;
				CLANG_WARN_COMMA = YES;
				CLANG_WARN_CONSTANT_CONVERSION = YES;
				CLANG_WARN_DEPRECATED_OBJC_IMPLEMENTATIONS = YES;
				CLANG_WARN_DIRECT_OBJC_ISA_USAGE = YES_ERROR;
				CLANG_WARN_DOCUMENTATION_COMMENTS = YES;
				CLANG_WARN_EMPTY_BODY = YES;
				CLANG_WARN_ENUM_CONVERSION = YES;
				CLANG_WARN_INFINITE_RECURSION = YES;
				CLANG_WARN_INT_CONVERSION = YES;
				CLANG_WARN_NON_LITERAL_NULL_CONVERSION = YES;
				CLANG_WARN_OBJC_IMPLICIT_RETAIN_SELF = YES;
				CLANG_WARN_OBJC_LITERAL_CONVERSION = YES;
				CLANG_WARN_OBJC_ROOT_CLASS = YES_ERROR;
				CLANG_WARN_QUOTED_INCLUDE_IN_FRAMEWORK_HEADER = YES;
				CLANG_WARN_RANGE_LOOP_ANALYSIS = YES;
				CLANG_WARN_STRICT_PROTOTYPES = YES;
				CLANG_WARN_SUSPICIOUS_MOVE = YES;
				CLANG_WARN_UNGUARDED_AVAILABILITY = YES_AGGRESSIVE;
				CLANG_WARN_UNREACHABLE_CODE = YES;
				CLANG_WARN__DUPLICATE_METHOD_MATCH = YES;
				COPY_PHASE_STRIP = NO;
				CURRENT_PROJECT_VERSION = 1;
				DEBUG_INFORMATION_FORMAT = dwarf;
				ENABLE_STRICT_OBJC_MSGSEND = YES;
				ENABLE_TESTABILITY = YES;
				GCC_C_LANGUAGE_STANDARD = gnu11;
				GCC_DYNAMIC_NO_PIC = NO;
				GCC_NO_COMMON_BLOCKS = YES;
				GCC_OPTIMIZATION_LEVEL = 0;
				GCC_PREPROCESSOR_DEFINITIONS = (
					"$(inherited)",
					"DEBUG=1",
				);
				GCC_WARN_64_TO_32_BIT_CONVERSION = YES;
				GCC_WARN_ABOUT_RETURN_TYPE = YES_ERROR;
				GCC_WARN_UNDECLARED_SELECTOR = YES;
				GCC_WARN_UNINITIALIZED_AUTOS = YES_AGGRESSIVE;
				GCC_WARN_UNUSED_FUNCTION = YES;
				GCC_WARN_UNUSED_VARIABLE = YES;
				IPHONEOS_DEPLOYMENT_TARGET = 17.0;
				MARKETING_VERSION = 1.0;
				MTL_ENABLE_DEBUG_INFO = INCLUDE_SOURCE;
				MTL_FAST_MATH = YES;
				ONLY_ACTIVE_ARCH = YES;
				PRODUCT_NAME = "$(TARGET_NAME)";
				SDKROOT = iphoneos;
				SWIFT_ACTIVE_COMPILATION_CONDITIONS = DEBUG;
				SWIFT_OPTIMIZATION_LEVEL = "-Onone";
				SWIFT_VERSION = 5.0;
			};
			name = Debug;
		};
/* End XCBuildConfiguration section */

/* Begin XCConfigurationList section */
		1BB47BA3E2536F84374CA754 /* Build configuration list for PBXProject "Chu1TestKit" */ = {
			isa = XCConfigurationList;
			buildConfigurations = (
				E0D8C6A7163805A291232E61 /* Debug */,
				BC7B039AC2DCC6369F4C3425 /* Release */,
			);
			defaultConfigurationIsVisible = 0;
			defaultConfigurationName = Debug;
		};
		4072A3E0723D1276CDC76C80 /* Build configuration list for PBXNativeTarget "Chu1TestKitTests" */ = {
			isa = XCConfigurationList;
			buildConfigurations = (
				C69AEEEE1E911B5DB4DF3B01 /* Debug */,
				3698B07DF4623739D6834B47 /* Release */,
			);
			defaultConfigurationIsVisible = 0;
			defaultConfigurationName = Debug;
		};
		B6096E239B19ED81D2A075FE /* Build configuration list for PBXNativeTarget "Chu1TestKit" */ = {
			isa = XCConfigurationList;
			buildConfigurations = (
				503580BE5322FA022348BC3E /* Debug */,
				56C372EE4E2D92F7D8F3674B /* Release */,
			);
			defaultConfigurationIsVisible = 0;
			defaultConfigurationName = Debug;
		};
/* End XCConfigurationList section */
	};
	rootObject = FFD880ABF20C7CB6A2D5A641 /* Project object */;
}
